
Microsoft Visual Studio Solution File, Format Version 12.00
# Visual Studio Version 17
VisualStudioVersion = 17.1.32210.238
MinimumVisualStudioVersion = 10.0.40219.1
Project("{FAE04EC0-301F-11D3-BF4B-00C04F79EFBC}") = "boomoseries-OrchAuth-api", "boomoseries-OrchAuth-api\boomoseries-OrchAuth-api.csproj", "{F7217530-39D7-41A9-82D3-99C95795976A}"
EndProject
Global
	GlobalSection(SolutionConfigurationPlatforms) = preSolution
		Debug|Any CPU = Debug|Any CPU
		Release|Any CPU = Release|Any CPU
	EndGlobalSection
	GlobalSection(ProjectConfigurationPlatforms) = postSolution
		{F7217530-39D7-41A9-82D3-99C95795976A}.Debug|Any CPU.ActiveCfg = Debug|Any CPU
		{F7217530-39D7-41A9-82D3-99C95795976A}.Debug|Any CPU.Build.0 = Debug|Any CPU
		{F7217530-39D7-41A9-82D3-99C95795976A}.Release|Any CPU.ActiveCfg = Release|Any CPU
		{F7217530-39D7-41A9-82D3-99C95795976A}.Release|Any CPU.Build.0 = Release|Any CPU
	EndGlobalSection
	GlobalSection(SolutionProperties) = preSolution
		HideSolutionNode = FALSE
	EndGlobalSection
	GlobalSection(ExtensibilityGlobals) = postSolution
		SolutionGuid = {E01A5CD6-35C2-4A5C-9350-3A899BDCA0CE}
	EndGlobalSection
EndGlobal
