
Microsoft Visual Studio Solution File, Format Version 12.00
# Visual Studio Version 17
VisualStudioVersion = 17.1.32319.34
MinimumVisualStudioVersion = 10.0.40219.1
Project("{FAE04EC0-301F-11D3-BF4B-00C04F79EFBC}") = "bomoseries-Disney-api", "bomoseries-Disney-api\bomoseries-Disney-api.csproj", "{B401B0A8-3579-4682-B9CA-7101A8BB7167}"
EndProject
Global
	GlobalSection(SolutionConfigurationPlatforms) = preSolution
		Debug|Any CPU = Debug|Any CPU
		Release|Any CPU = Release|Any CPU
	EndGlobalSection
	GlobalSection(ProjectConfigurationPlatforms) = postSolution
		{B401B0A8-3579-4682-B9CA-7101A8BB7167}.Debug|Any CPU.ActiveCfg = Debug|Any CPU
		{B401B0A8-3579-4682-B9CA-7101A8BB7167}.Debug|Any CPU.Build.0 = Debug|Any CPU
		{B401B0A8-3579-4682-B9CA-7101A8BB7167}.Release|Any CPU.ActiveCfg = Release|Any CPU
		{B401B0A8-3579-4682-B9CA-7101A8BB7167}.Release|Any CPU.Build.0 = Release|Any CPU
	EndGlobalSection
	GlobalSection(SolutionProperties) = preSolution
		HideSolutionNode = FALSE
	EndGlobalSection
	GlobalSection(ExtensibilityGlobals) = postSolution
		SolutionGuid = {CE3B576D-3BA3-45B2-89D7-679CB4514C9A}
	EndGlobalSection
EndGlobal
