
Microsoft Visual Studio Solution File, Format Version 12.00
# Visual Studio Version 17
VisualStudioVersion = 17.1.32319.34
MinimumVisualStudioVersion = 10.0.40219.1
Project("{FAE04EC0-301F-11D3-BF4B-00C04F79EFBC}") = "boomosseries-GoodReads-api", "boomosseries-GoodReads-api\boomosseries-GoodReads-api.csproj", "{95E2A0DA-75E7-4A91-BC24-D469991C7FDA}"
EndProject
Global
	GlobalSection(SolutionConfigurationPlatforms) = preSolution
		Debug|Any CPU = Debug|Any CPU
		Release|Any CPU = Release|Any CPU
	EndGlobalSection
	GlobalSection(ProjectConfigurationPlatforms) = postSolution
		{95E2A0DA-75E7-4A91-BC24-D469991C7FDA}.Debug|Any CPU.ActiveCfg = Debug|Any CPU
		{95E2A0DA-75E7-4A91-BC24-D469991C7FDA}.Debug|Any CPU.Build.0 = Debug|Any CPU
		{95E2A0DA-75E7-4A91-BC24-D469991C7FDA}.Release|Any CPU.ActiveCfg = Release|Any CPU
		{95E2A0DA-75E7-4A91-BC24-D469991C7FDA}.Release|Any CPU.Build.0 = Release|Any CPU
	EndGlobalSection
	GlobalSection(SolutionProperties) = preSolution
		HideSolutionNode = FALSE
	EndGlobalSection
	GlobalSection(ExtensibilityGlobals) = postSolution
		SolutionGuid = {4DCA2DED-0D32-44AF-AC51-1BAD5DA7B613}
	EndGlobalSection
EndGlobal
