
Microsoft Visual Studio Solution File, Format Version 12.00
# Visual Studio Version 17
VisualStudioVersion = 17.1.32319.34
MinimumVisualStudioVersion = 10.0.40219.1
Project("{FAE04EC0-301F-11D3-BF4B-00C04F79EFBC}") = "bomoseries-Series-api", "bomoseries-Series-api\bomoseries-Series-api.csproj", "{71A539A0-271E-49B6-A988-C8DA221166B0}"
EndProject
Global
	GlobalSection(SolutionConfigurationPlatforms) = preSolution
		Debug|Any CPU = Debug|Any CPU
		Release|Any CPU = Release|Any CPU
	EndGlobalSection
	GlobalSection(ProjectConfigurationPlatforms) = postSolution
		{71A539A0-271E-49B6-A988-C8DA221166B0}.Debug|Any CPU.ActiveCfg = Debug|Any CPU
		{71A539A0-271E-49B6-A988-C8DA221166B0}.Debug|Any CPU.Build.0 = Debug|Any CPU
		{71A539A0-271E-49B6-A988-C8DA221166B0}.Release|Any CPU.ActiveCfg = Release|Any CPU
		{71A539A0-271E-49B6-A988-C8DA221166B0}.Release|Any CPU.Build.0 = Release|Any CPU
	EndGlobalSection
	GlobalSection(SolutionProperties) = preSolution
		HideSolutionNode = FALSE
	EndGlobalSection
	GlobalSection(ExtensibilityGlobals) = postSolution
		SolutionGuid = {1BBD18D4-F2F5-4434-941C-703C7ED0DC3B}
	EndGlobalSection
EndGlobal
