
Microsoft Visual Studio Solution File, Format Version 12.00
# Visual Studio Version 17
VisualStudioVersion = 17.1.32319.34
MinimumVisualStudioVersion = 10.0.40219.1
Project("{FAE04EC0-301F-11D3-BF4B-00C04F79EFBC}") = "boomoseries-Amazon-api", "boomoseries-Amazon-api\boomoseries-Amazon-api.csproj", "{0AD3AD69-E418-43D0-A542-33014F7F0603}"
EndProject
Global
	GlobalSection(SolutionConfigurationPlatforms) = preSolution
		Debug|Any CPU = Debug|Any CPU
		Release|Any CPU = Release|Any CPU
	EndGlobalSection
	GlobalSection(ProjectConfigurationPlatforms) = postSolution
		{0AD3AD69-E418-43D0-A542-33014F7F0603}.Debug|Any CPU.ActiveCfg = Debug|Any CPU
		{0AD3AD69-E418-43D0-A542-33014F7F0603}.Debug|Any CPU.Build.0 = Debug|Any CPU
		{0AD3AD69-E418-43D0-A542-33014F7F0603}.Release|Any CPU.ActiveCfg = Release|Any CPU
		{0AD3AD69-E418-43D0-A542-33014F7F0603}.Release|Any CPU.Build.0 = Release|Any CPU
	EndGlobalSection
	GlobalSection(SolutionProperties) = preSolution
		HideSolutionNode = FALSE
	EndGlobalSection
	GlobalSection(ExtensibilityGlobals) = postSolution
		SolutionGuid = {610C221F-0EED-4062-8CEB-FA5FE3356DAC}
	EndGlobalSection
EndGlobal
