
Microsoft Visual Studio Solution File, Format Version 12.00
# Visual Studio Version 17
VisualStudioVersion = 17.1.32228.430
MinimumVisualStudioVersion = 10.0.40219.1
Project("{FAE04EC0-301F-11D3-BF4B-00C04F79EFBC}") = "boomoseries-Netflix-api", "boomoseries-Netflix-api\boomoseries-Netflix-api.csproj", "{7C869C55-C08A-4D61-B782-0173C2530AEB}"
EndProject
Global
	GlobalSection(SolutionConfigurationPlatforms) = preSolution
		Debug|Any CPU = Debug|Any CPU
		Release|Any CPU = Release|Any CPU
	EndGlobalSection
	GlobalSection(ProjectConfigurationPlatforms) = postSolution
		{7C869C55-C08A-4D61-B782-0173C2530AEB}.Debug|Any CPU.ActiveCfg = Debug|Any CPU
		{7C869C55-C08A-4D61-B782-0173C2530AEB}.Debug|Any CPU.Build.0 = Debug|Any CPU
		{7C869C55-C08A-4D61-B782-0173C2530AEB}.Release|Any CPU.ActiveCfg = Release|Any CPU
		{7C869C55-C08A-4D61-B782-0173C2530AEB}.Release|Any CPU.Build.0 = Release|Any CPU
	EndGlobalSection
	GlobalSection(SolutionProperties) = preSolution
		HideSolutionNode = FALSE
	EndGlobalSection
	GlobalSection(ExtensibilityGlobals) = postSolution
		SolutionGuid = {DD2515E7-6D93-41B5-B29B-664D5E329DC8}
	EndGlobalSection
EndGlobal
